// !$*UTF8*$!
{
	archiveVersion = 1;
	classes = {
	};
	objectVersion = 56;
	objects = {

/* Begin PBXBuildFile section */
		4159121C2B0808F3008D19F7 /* shortcuts_http_clientApp.swift in Sources */ = {isa = PBXBuildFile; fileRef = 4159121B2B0808F3008D19F7 /* shortcuts_http_clientApp.swift */; };
		4159121E2B0808F3008D19F7 /* ContentView.swift in Sources */ = {isa = PBXBuildFile; fileRef = 4159121D2B0808F3008D19F7 /* ContentView.swift */; };
		415912202B0808F5008D19F7 /* Assets.xcassets in Resources */ = {isa = PBXBuildFile; fileRef = 4159121F2B0808F5008D19F7 /* Assets.xcassets */; };
		415912232B0808F5008D19F7 /* Preview Assets.xcassets in Resources */ = {isa = PBXBuildFile; fileRef = 415912222B0808F5008D19F7 /* Preview Assets.xcassets */; };
		4159122D2B0808F5008D19F7 /* shortcuts_http_clientTests.swift in Sources */ = {isa = PBXBuildFile; fileRef = 4159122C2B0808F5008D19F7 /* shortcuts_http_clientTests.swift */; };
		415912372B0808F5008D19F7 /* shortcuts_http_clientUITests.swift in Sources */ = {isa = PBXBuildFile; fileRef = 415912362B0808F5008D19F7 /* shortcuts_http_clientUITests.swift */; };
		415912392B0808F5008D19F7 /* shortcuts_http_clientUITestsLaunchTests.swift in Sources */ = {isa = PBXBuildFile; fileRef = 415912382B0808F5008D19F7 /* shortcuts_http_clientUITestsLaunchTests.swift */; };
/* End PBXBuildFile section */

/* Begin PBXContainerItemProxy section */
		415912292B0808F5008D19F7 /* PBXContainerItemProxy */ = {
			isa = PBXContainerItemProxy;
			containerPortal = 415912102B0808F3008D19F7 /* Project object */;
			proxyType = 1;
			remoteGlobalIDString = 415912172B0808F3008D19F7;
			remoteInfo = "shortcuts-http-client";
		};
		415912332B0808F5008D19F7 /* PBXContainerItemProxy */ = {
			isa = PBXContainerItemProxy;
			containerPortal = 415912102B0808F3008D19F7 /* Project object */;
			proxyType = 1;
			remoteGlobalIDString = 415912172B0808F3008D19F7;
			remoteInfo = "shortcuts-http-client";
		};
/* End PBXContainerItemProxy section */

/* Begin PBXFileReference section */
		415912182B0808F3008D19F7 /* shortcuts-http-client.app */ = {isa = PBXFileReference; explicitFileType = wrapper.application; includeInIndex = 0; path = "shortcuts-http-client.app"; sourceTree = BUILT_PRODUCTS_DIR; };
		4159121B2B0808F3008D19F7 /* shortcuts_http_clientApp.swift */ = {isa = PBXFileReference; lastKnownFileType = sourcecode.swift; path = shortcuts_http_clientApp.swift; sourceTree = "<group>"; };
		4159121D2B0808F3008D19F7 /* ContentView.swift */ = {isa = PBXFileReference; lastKnownFileType = sourcecode.swift; path = ContentView.swift; sourceTree = "<group>"; };
		4159121F2B0808F5008D19F7 /* Assets.xcassets */ = {isa = PBXFileReference; lastKnownFileType = folder.assetcatalog; path = Assets.xcassets; sourceTree = "<group>"; };
		415912222B0808F5008D19F7 /* Preview Assets.xcassets */ = {isa = PBXFileReference; lastKnownFileType = folder.assetcatalog; path = "Preview Assets.xcassets"; sourceTree = "<group>"; };
		415912282B0808F5008D19F7 /* shortcuts-http-clientTests.xctest */ = {isa = PBXFileReference; explicitFileType = wrapper.cfbundle; includeInIndex = 0; path = "shortcuts-http-clientTests.xctest"; sourceTree = BUILT_PRODUCTS_DIR; };
		4159122C2B0808F5008D19F7 /* shortcuts_http_clientTests.swift */ = {isa = PBXFileReference; lastKnownFileType = sourcecode.swift; path = shortcuts_http_clientTests.swift; sourceTree = "<group>"; };
		415912322B0808F5008D19F7 /* shortcuts-http-clientUITests.xctest */ = {isa = PBXFileReference; explicitFileType = wrapper.cfbundle; includeInIndex = 0; path = "shortcuts-http-clientUITests.xctest"; sourceTree = BUILT_PRODUCTS_DIR; };
		415912362B0808F5008D19F7 /* shortcuts_http_clientUITests.swift */ = {isa = PBXFileReference; lastKnownFileType = sourcecode.swift; path = shortcuts_http_clientUITests.swift; sourceTree = "<group>"; };
		415912382B0808F5008D19F7 /* shortcuts_http_clientUITestsLaunchTests.swift */ = {isa = PBXFileReference; lastKnownFileType = sourcecode.swift; path = shortcuts_http_clientUITestsLaunchTests.swift; sourceTree = "<group>"; };
/* End PBXFileReference section */

/* Begin PBXFrameworksBuildPhase section */
		415912152B0808F3008D19F7 /* Frameworks */ = {
			isa = PBXFrameworksBuildPhase;
			buildActionMask = 2147483647;
			files = (
			);
			runOnlyForDeploymentPostprocessing = 0;
		};
		415912252B0808F5008D19F7 /* Frameworks */ = {
			isa = PBXFrameworksBuildPhase;
			buildActionMask = 2147483647;
			files = (
			);
			runOnlyForDeploymentPostprocessing = 0;
		};
		4159122F2B0808F5008D19F7 /* Frameworks */ = {
			isa = PBXFrameworksBuildPhase;
			buildActionMask = 2147483647;
			files = (
			);
			runOnlyForDeploymentPostprocessing = 0;
		};
/* End PBXFrameworksBuildPhase section */

/* Begin PBXGroup section */
		4159120F2B0808F3008D19F7 = {
			isa = PBXGroup;
			children = (
				4159121A2B0808F3008D19F7 /* shortcuts-http-client */,
				4159122B2B0808F5008D19F7 /* shortcuts-http-clientTests */,
				415912352B0808F5008D19F7 /* shortcuts-http-clientUITests */,
				415912192B0808F3008D19F7 /* Products */,
			);
			sourceTree = "<group>";
		};
		415912192B0808F3008D19F7 /* Products */ = {
			isa = PBXGroup;
			children = (
				415912182B0808F3008D19F7 /* shortcuts-http-client.app */,
				415912282B0808F5008D19F7 /* shortcuts-http-clientTests.xctest */,
				415912322B0808F5008D19F7 /* shortcuts-http-clientUITests.xctest */,
			);
			name = Products;
			sourceTree = "<group>";
		};
		4159121A2B0808F3008D19F7 /* shortcuts-http-client */ = {
			isa = PBXGroup;
			children = (
				4159121B2B0808F3008D19F7 /* shortcuts_http_clientApp.swift */,
				4159121D2B0808F3008D19F7 /* ContentView.swift */,
				4159121F2B0808F5008D19F7 /* Assets.xcassets */,
				415912212B0808F5008D19F7 /* Preview Content */,
			);
			path = "shortcuts-http-client";
			sourceTree = "<group>";
		};
		415912212B0808F5008D19F7 /* Preview Content */ = {
			isa = PBXGroup;
			children = (
				415912222B0808F5008D19F7 /* Preview Assets.xcassets */,
			);
			path = "Preview Content";
			sourceTree = "<group>";
		};
		4159122B2B0808F5008D19F7 /* shortcuts-http-clientTests */ = {
			isa = PBXGroup;
			children = (
				4159122C2B0808F5008D19F7 /* shortcuts_http_clientTests.swift */,
			);
			path = "shortcuts-http-clientTests";
			sourceTree = "<group>";
		};
		415912352B0808F5008D19F7 /* shortcuts-http-clientUITests */ = {
			isa = PBXGroup;
			children = (
				415912362B0808F5008D19F7 /* shortcuts_http_clientUITests.swift */,
				415912382B0808F5008D19F7 /* shortcuts_http_clientUITestsLaunchTests.swift */,
			);
			path = "shortcuts-http-clientUITests";
			sourceTree = "<group>";
		};
/* End PBXGroup section */

/* Begin PBXNativeTarget section */
		415912172B0808F3008D19F7 /* shortcuts-http-client */ = {
			isa = PBXNativeTarget;
			buildConfigurationList = 4159123C2B0808F5008D19F7 /* Build configuration list for PBXNativeTarget "shortcuts-http-client" */;
			buildPhases = (
				415912142B0808F3008D19F7 /* Sources */,
				415912152B0808F3008D19F7 /* Frameworks */,
				415912162B0808F3008D19F7 /* Resources */,
			);
			buildRules = (
			);
			dependencies = (
			);
			name = "shortcuts-http-client";
			productName = "shortcuts-http-client";
			productReference = 415912182B0808F3008D19F7 /* shortcuts-http-client.app */;
			productType = "com.apple.product-type.application";
		};
		415912272B0808F5008D19F7 /* shortcuts-http-clientTests */ = {
			isa = PBXNativeTarget;
			buildConfigurationList = 4159123F2B0808F5008D19F7 /* Build configuration list for PBXNativeTarget "shortcuts-http-clientTests" */;
			buildPhases = (
				415912242B0808F5008D19F7 /* Sources */,
				415912252B0808F5008D19F7 /* Frameworks */,
				415912262B0808F5008D19F7 /* Resources */,
			);
			buildRules = (
			);
			dependencies = (
				4159122A2B0808F5008D19F7 /* PBXTargetDependency */,
			);
			name = "shortcuts-http-clientTests";
			productName = "shortcuts-http-clientTests";
			productReference = 415912282B0808F5008D19F7 /* shortcuts-http-clientTests.xctest */;
			productType = "com.apple.product-type.bundle.unit-test";
		};
		415912312B0808F5008D19F7 /* shortcuts-http-clientUITests */ = {
			isa = PBXNativeTarget;
			buildConfigurationList = 415912422B0808F5008D19F7 /* Build configuration list for PBXNativeTarget "shortcuts-http-clientUITests" */;
			buildPhases = (
				4159122E2B0808F5008D19F7 /* Sources */,
				4159122F2B0808F5008D19F7 /* Frameworks */,
				415912302B0808F5008D19F7 /* Resources */,
			);
			buildRules = (
			);
			dependencies = (
				415912342B0808F5008D19F7 /* PBXTargetDependency */,
			);
			name = "shortcuts-http-clientUITests";
			productName = "shortcuts-http-clientUITests";
			productReference = 415912322B0808F5008D19F7 /* shortcuts-http-clientUITests.xctest */;
			productType = "com.apple.product-type.bundle.ui-testing";
		};
/* End PBXNativeTarget section */

/* Begin PBXProject section */
		415912102B0808F3008D19F7 /* Project object */ = {
			isa = PBXProject;
			attributes = {
				BuildIndependentTargetsInParallel = 1;
				LastSwiftUpdateCheck = 1500;
				LastUpgradeCheck = 1500;
				TargetAttributes = {
					415912172B0808F3008D19F7 = {
						CreatedOnToolsVersion = 15.0.1;
					};
					415912272B0808F5008D19F7 = {
						CreatedOnToolsVersion = 15.0.1;
						TestTargetID = 415912172B0808F3008D19F7;
					};
					415912312B0808F5008D19F7 = {
						CreatedOnToolsVersion = 15.0.1;
						TestTargetID = 415912172B0808F3008D19F7;
					};
				};
			};
			buildConfigurationList = 415912132B0808F3008D19F7 /* Build configuration list for PBXProject "shortcuts-http-client" */;
			compatibilityVersion = "Xcode 14.0";
			developmentRegion = en;
			hasScannedForEncodings = 0;
			knownRegions = (
				en,
				Base,
			);
			mainGroup = 4159120F2B0808F3008D19F7;
			productRefGroup = 415912192B0808F3008D19F7 /* Products */;
			projectDirPath = "";
			projectRoot = "";
			targets = (
				415912172B0808F3008D19F7 /* shortcuts-http-client */,
				415912272B0808F5008D19F7 /* shortcuts-http-clientTests */,
				415912312B0808F5008D19F7 /* shortcuts-http-clientUITests */,
			);
		};
/* End PBXProject section */

/* Begin PBXResourcesBuildPhase section */
		415912162B0808F3008D19F7 /* Resources */ = {
			isa = PBXResourcesBuildPhase;
			buildActionMask = 2147483647;
			files = (
				415912232B0808F5008D19F7 /* Preview Assets.xcassets in Resources */,
				415912202B0808F5008D19F7 /* Assets.xcassets in Resources */,
			);
			runOnlyForDeploymentPostprocessing = 0;
		};
		415912262B0808F5008D19F7 /* Resources */ = {
			isa = PBXResourcesBuildPhase;
			buildActionMask = 2147483647;
			files = (
			);
			runOnlyForDeploymentPostprocessing = 0;
		};
		415912302B0808F5008D19F7 /* Resources */ = {
			isa = PBXResourcesBuildPhase;
			buildActionMask = 2147483647;
			files = (
			);
			runOnlyForDeploymentPostprocessing = 0;
		};
/* End PBXResourcesBuildPhase section */

/* Begin PBXSourcesBuildPhase section */
		415912142B0808F3008D19F7 /* Sources */ = {
			isa = PBXSourcesBuildPhase;
			buildActionMask = 2147483647;
			files = (
				4159121E2B0808F3008D19F7 /* ContentView.swift in Sources */,
				4159121C2B0808F3008D19F7 /* shortcuts_http_clientApp.swift in Sources */,
			);
			runOnlyForDeploymentPostprocessing = 0;
		};
		415912242B0808F5008D19F7 /* Sources */ = {
			isa = PBXSourcesBuildPhase;
			buildActionMask = 2147483647;
			files = (
				4159122D2B0808F5008D19F7 /* shortcuts_http_clientTests.swift in Sources */,
			);
			runOnlyForDeploymentPostprocessing = 0;
		};
		4159122E2B0808F5008D19F7 /* Sources */ = {
			isa = PBXSourcesBuildPhase;
			buildActionMask = 2147483647;
			files = (
				415912372B0808F5008D19F7 /* shortcuts_http_clientUITests.swift in Sources */,
				415912392B0808F5008D19F7 /* shortcuts_http_clientUITestsLaunchTests.swift in Sources */,
			);
			runOnlyForDeploymentPostprocessing = 0;
		};
/* End PBXSourcesBuildPhase section */

/* Begin PBXTargetDependency section */
		4159122A2B0808F5008D19F7 /* PBXTargetDependency */ = {
			isa = PBXTargetDependency;
			target = 415912172B0808F3008D19F7 /* shortcuts-http-client */;
			targetProxy = 415912292B0808F5008D19F7 /* PBXContainerItemProxy */;
		};
		415912342B0808F5008D19F7 /* PBXTargetDependency */ = {
			isa = PBXTargetDependency;
			target = 415912172B0808F3008D19F7 /* shortcuts-http-client */;
			targetProxy = 415912332B0808F5008D19F7 /* PBXContainerItemProxy */;
		};
/* End PBXTargetDependency section */

/* Begin XCBuildConfiguration section */
		4159123A2B0808F5008D19F7 /* Debug */ = {
			isa = XCBuildConfiguration;
			buildSettings = {
				ALWAYS_SEARCH_USER_PATHS = NO;
				ASSETCATALOG_COMPILER_GENERATE_SWIFT_ASSET_SYMBOL_EXTENSIONS = YES;
				CLANG_ANALYZER_NONNULL = YES;
				CLANG_ANALYZER_NUMBER_OBJECT_CONVERSION = YES_AGGRESSIVE;
				CLANG_CXX_LANGUAGE_STANDARD = "gnu++20";
				CLANG_ENABLE_MODULES = YES;
				CLANG_ENABLE_OBJC_ARC = YES;
				CLANG_ENABLE_OBJC_WEAK = YES;
				CLANG_WARN_BLOCK_CAPTURE_AUTORELEASING = YES;
				CLANG_WARN_BOOL_CONVERSION = YES;
				CLANG_WARN_COMMA = YES;
				CLANG_WARN_CONSTANT_CONVERSION = YES;
				CLANG_WARN_DEPRECATED_OBJC_IMPLEMENTATIONS = YES;
				CLANG_WARN_DIRECT_OBJC_ISA_USAGE = YES_ERROR;
				CLANG_WARN_DOCUMENTATION_COMMENTS = YES;
				CLANG_WARN_EMPTY_BODY = YES;
				CLANG_WARN_ENUM_CONVERSION = YES;
				CLANG_WARN_INFINITE_RECURSION = YES;
				CLANG_WARN_INT_CONVERSION = YES;
				CLANG_WARN_NON_LITERAL_NULL_CONVERSION = YES;
				CLANG_WARN_OBJC_IMPLICIT_RETAIN_SELF = YES;
				CLANG_WARN_OBJC_LITERAL_CONVERSION = YES;
				CLANG_WARN_OBJC_ROOT_CLASS = YES_ERROR;
				CLANG_WARN_QUOTED_INCLUDE_IN_FRAMEWORK_HEADER = YES;
				CLANG_WARN_RANGE_LOOP_ANALYSIS = YES;
				CLANG_WARN_STRICT_PROTOTYPES = YES;
				CLANG_WARN_SUSPICIOUS_MOVE = YES;
				CLANG_WARN_UNGUARDED_AVAILABILITY = YES_AGGRESSIVE;
				CLANG_WARN_UNREACHABLE_CODE = YES;
				CLANG_WARN__DUPLICATE_METHOD_MATCH = YES;
				COPY_PHASE_STRIP = NO;
				DEBUG_INFORMATION_FORMAT = dwarf;
				ENABLE_STRICT_OBJC_MSGSEND = YES;
				ENABLE_TESTABILITY = YES;
				ENABLE_USER_SCRIPT_SANDBOXING = YES;
				GCC_C_LANGUAGE_STANDARD = gnu17;
				GCC_DYNAMIC_NO_PIC = NO;
				GCC_NO_COMMON_BLOCKS = YES;
				GCC_OPTIMIZATION_LEVEL = 0;
				GCC_PREPROCESSOR_DEFINITIONS = (
					"DEBUG=1",
					"$(inherited)",
				);
				GCC_WARN_64_TO_32_BIT_CONVERSION = YES;
				GCC_WARN_ABOUT_RETURN_TYPE = YES_ERROR;
				GCC_WARN_UNDECLARED_SELECTOR = YES;
				GCC_WARN_UNINITIALIZED_AUTOS = YES_AGGRESSIVE;
				GCC_WARN_UNUSED_FUNCTION = YES;
				GCC_WARN_UNUSED_VARIABLE = YES;
				IPHONEOS_DEPLOYMENT_TARGET = 17.0;
				LOCALIZATION_PREFERS_STRING_CATALOGS = YES;
				MTL_ENABLE_DEBUG_INFO = INCLUDE_SOURCE;
				MTL_FAST_MATH = YES;
				ONLY_ACTIVE_ARCH = YES;
				SDKROOT = iphoneos;
				SWIFT_ACTIVE_COMPILATION_CONDITIONS = "DEBUG $(inherited)";
				SWIFT_OPTIMIZATION_LEVEL = "-Onone";
			};
			name = Debug;
		};
		4159123B2B0808F5008D19F7 /* Release */ = {
			isa = XCBuildConfiguration;
			buildSettings = {
				ALWAYS_SEARCH_USER_PATHS = NO;
				ASSETCATALOG_COMPILER_GENERATE_SWIFT_ASSET_SYMBOL_EXTENSIONS = YES;
				CLANG_ANALYZER_NONNULL = YES;
				CLANG_ANALYZER_NUMBER_OBJECT_CONVERSION = YES_AGGRESSIVE;
				CLANG_CXX_LANGUAGE_STANDARD = "gnu++20";
				CLANG_ENABLE_MODULES = YES;
				CLANG_ENABLE_OBJC_ARC = YES;
				CLANG_ENABLE_OBJC_WEAK = YES;
				CLANG_WARN_BLOCK_CAPTURE_AUTORELEASING = YES;
				CLANG_WARN_BOOL_CONVERSION = YES;
				CLANG_WARN_COMMA = YES;
				CLANG_WARN_CONSTANT_CONVERSION = YES;
				CLANG_WARN_DEPRECATED_OBJC_IMPLEMENTATIONS = YES;
				CLANG_WARN_DIRECT_OBJC_ISA_USAGE = YES_ERROR;
				CLANG_WARN_DOCUMENTATION_COMMENTS = YES;
				CLANG_WARN_EMPTY_BODY = YES;
				CLANG_WARN_ENUM_CONVERSION = YES;
				CLANG_WARN_INFINITE_RECURSION = YES;
				CLANG_WARN_INT_CONVERSION = YES;
				CLANG_WARN_NON_LITERAL_NULL_CONVERSION = YES;
				CLANG_WARN_OBJC_IMPLICIT_RETAIN_SELF = YES;
				CLANG_WARN_OBJC_LITERAL_CONVERSION = YES;
				CLANG_WARN_OBJC_ROOT_CLASS = YES_ERROR;
				CLANG_WARN_QUOTED_INCLUDE_IN_FRAMEWORK_HEADER = YES;
				CLANG_WARN_RANGE_LOOP_ANALYSIS = YES;
				CLANG_WARN_STRICT_PROTOTYPES = YES;
				CLANG_WARN_SUSPICIOUS_MOVE = YES;
				CLANG_WARN_UNGUARDED_AVAILABILITY = YES_AGGRESSIVE;
				CLANG_WARN_UNREACHABLE_CODE = YES;
				CLANG_WARN__DUPLICATE_METHOD_MATCH = YES;
				COPY_PHASE_STRIP = NO;
				DEBUG_INFORMATION_FORMAT = "dwarf-with-dsym";
				ENABLE_NS_ASSERTIONS = NO;
				ENABLE_STRICT_OBJC_MSGSEND = YES;
				ENABLE_USER_SCRIPT_SANDBOXING = YES;
				GCC_C_LANGUAGE_STANDARD = gnu17;
				GCC_NO_COMMON_BLOCKS = YES;
				GCC_WARN_64_TO_32_BIT_CONVERSION = YES;
				GCC_WARN_ABOUT_RETURN_TYPE = YES_ERROR;
				GCC_WARN_UNDECLARED_SELECTOR = YES;
				GCC_WARN_UNINITIALIZED_AUTOS = YES_AGGRESSIVE;
				GCC_WARN_UNUSED_FUNCTION = YES;
				GCC_WARN_UNUSED_VARIABLE = YES;
				IPHONEOS_DEPLOYMENT_TARGET = 17.0;
				LOCALIZATION_PREFERS_STRING_CATALOGS = YES;
				MTL_ENABLE_DEBUG_INFO = NO;
				MTL_FAST_MATH = YES;
				SDKROOT = iphoneos;
				SWIFT_COMPILATION_MODE = wholemodule;
				VALIDATE_PRODUCT = YES;
			};
			name = Release;
		};
		4159123D2B0808F5008D19F7 /* Debug */ = {
			isa = XCBuildConfiguration;
			buildSettings = {
				ASSETCATALOG_COMPILER_APPICON_NAME = AppIcon;
				ASSETCATALOG_COMPILER_GLOBAL_ACCENT_COLOR_NAME = AccentColor;
				CODE_SIGN_STYLE = Automatic;
				CURRENT_PROJECT_VERSION = 1;
				DEVELOPMENT_ASSET_PATHS = "\"shortcuts-http-client/Preview Content\"";
				DEVELOPMENT_TEAM = 85CH3DS5T4;
				ENABLE_PREVIEWS = YES;
				GENERATE_INFOPLIST_FILE = YES;
				INFOPLIST_KEY_UIApplicationSceneManifest_Generation = YES;
				INFOPLIST_KEY_UIApplicationSupportsIndirectInputEvents = YES;
				INFOPLIST_KEY_UILaunchScreen_Generation = YES;
				INFOPLIST_KEY_UISupportedInterfaceOrientations_iPad = "UIInterfaceOrientationPortrait UIInterfaceOrientationPortraitUpsideDown UIInterfaceOrientationLandscapeLeft UIInterfaceOrientationLandscapeRight";
				INFOPLIST_KEY_UISupportedInterfaceOrientations_iPhone = "UIInterfaceOrientationPortrait UIInterfaceOrientationLandscapeLeft UIInterfaceOrientationLandscapeRight";
				LD_RUNPATH_SEARCH_PATHS = (
					"$(inherited)",
					"@executable_path/Frameworks",
				);
				MARKETING_VERSION = 1.0;
				PRODUCT_BUNDLE_IDENTIFIER = "com.github.vergenzt.shortcuts-http-client";
				PRODUCT_NAME = "$(TARGET_NAME)";
				SWIFT_EMIT_LOC_STRINGS = YES;
				SWIFT_VERSION = 5.0;
				TARGETED_DEVICE_FAMILY = "1,2";
			};
			name = Debug;
		};
		4159123E2B0808F5008D19F7 /* Release */ = {
			isa = XCBuildConfiguration;
			buildSettings = {
				ASSETCATALOG_COMPILER_APPICON_NAME = AppIcon;
				ASSETCATALOG_COMPILER_GLOBAL_ACCENT_COLOR_NAME = AccentColor;
				CODE_SIGN_STYLE = Automatic;
				CURRENT_PROJECT_VERSION = 1;
				DEVELOPMENT_ASSET_PATHS = "\"shortcuts-http-client/Preview Content\"";
				DEVELOPMENT_TEAM = 85CH3DS5T4;
				ENABLE_PREVIEWS = YES;
				GENERATE_INFOPLIST_FILE = YES;
				INFOPLIST_KEY_UIApplicationSceneManifest_Generation = YES;
				INFOPLIST_KEY_UIApplicationSupportsIndirectInputEvents = YES;
				INFOPLIST_KEY_UILaunchScreen_Generation = YES;
				INFOPLIST_KEY_UISupportedInterfaceOrientations_iPad = "UIInterfaceOrientationPortrait UIInterfaceOrientationPortraitUpsideDown UIInterfaceOrientationLandscapeLeft UIInterfaceOrientationLandscapeRight";
				INFOPLIST_KEY_UISupportedInterfaceOrientations_iPhone = "UIInterfaceOrientationPortrait UIInterfaceOrientationLandscapeLeft UIInterfaceOrientationLandscapeRight";
				LD_RUNPATH_SEARCH_PATHS = (
					"$(inherited)",
					"@executable_path/Frameworks",
				);
				MARKETING_VERSION = 1.0;
				PRODUCT_BUNDLE_IDENTIFIER = "com.github.vergenzt.shortcuts-http-client";
				PRODUCT_NAME = "$(TARGET_NAME)";
				SWIFT_EMIT_LOC_STRINGS = YES;
				SWIFT_VERSION = 5.0;
				TARGETED_DEVICE_FAMILY = "1,2";
			};
			name = Release;
		};
		415912402B0808F5008D19F7 /* Debug */ = {
			isa = XCBuildConfiguration;
			buildSettings = {
				ALWAYS_EMBED_SWIFT_STANDARD_LIBRARIES = YES;
				BUNDLE_LOADER = "$(TEST_HOST)";
				CODE_SIGN_STYLE = Automatic;
				CURRENT_PROJECT_VERSION = 1;
				DEVELOPMENT_TEAM = 85CH3DS5T4;
				GENERATE_INFOPLIST_FILE = YES;
				IPHONEOS_DEPLOYMENT_TARGET = 17.0;
				MARKETING_VERSION = 1.0;
				PRODUCT_BUNDLE_IDENTIFIER = "com.github.vergenzt.shortcuts-http-clientTests";
				PRODUCT_NAME = "$(TARGET_NAME)";
				SWIFT_EMIT_LOC_STRINGS = NO;
				SWIFT_VERSION = 5.0;
				TARGETED_DEVICE_FAMILY = "1,2";
				TEST_HOST = "$(BUILT_PRODUCTS_DIR)/shortcuts-http-client.app/$(BUNDLE_EXECUTABLE_FOLDER_PATH)/shortcuts-http-client";
			};
			name = Debug;
		};
		415912412B0808F5008D19F7 /* Release */ = {
			isa = XCBuildConfiguration;
			buildSettings = {
				ALWAYS_EMBED_SWIFT_STANDARD_LIBRARIES = YES;
				BUNDLE_LOADER = "$(TEST_HOST)";
				CODE_SIGN_STYLE = Automatic;
				CURRENT_PROJECT_VERSION = 1;
				DEVELOPMENT_TEAM = 85CH3DS5T4;
				GENERATE_INFOPLIST_FILE = YES;
				IPHONEOS_DEPLOYMENT_TARGET = 17.0;
				MARKETING_VERSION = 1.0;
				PRODUCT_BUNDLE_IDENTIFIER = "com.github.vergenzt.shortcuts-http-clientTests";
				PRODUCT_NAME = "$(TARGET_NAME)";
				SWIFT_EMIT_LOC_STRINGS = NO;
				SWIFT_VERSION = 5.0;
				TARGETED_DEVICE_FAMILY = "1,2";
				TEST_HOST = "$(BUILT_PRODUCTS_DIR)/shortcuts-http-client.app/$(BUNDLE_EXECUTABLE_FOLDER_PATH)/shortcuts-http-client";
			};
			name = Release;
		};
		415912432B0808F5008D19F7 /* Debug */ = {
			isa = XCBuildConfiguration;
			buildSettings = {
				ALWAYS_EMBED_SWIFT_STANDARD_LIBRARIES = YES;
				CODE_SIGN_STYLE = Automatic;
				CURRENT_PROJECT_VERSION = 1;
				DEVELOPMENT_TEAM = 85CH3DS5T4;
				GENERATE_INFOPLIST_FILE = YES;
				MARKETING_VERSION = 1.0;
				PRODUCT_BUNDLE_IDENTIFIER = "com.github.vergenzt.shortcuts-http-clientUITests";
				PRODUCT_NAME = "$(TARGET_NAME)";
				SWIFT_EMIT_LOC_STRINGS = NO;
				SWIFT_VERSION = 5.0;
				TARGETED_DEVICE_FAMILY = "1,2";
				TEST_TARGET_NAME = "shortcuts-http-client";
			};
			name = Debug;
		};
		415912442B0808F5008D19F7 /* Release */ = {
			isa = XCBuildConfiguration;
			buildSettings = {
				ALWAYS_EMBED_SWIFT_STANDARD_LIBRARIES = YES;
				CODE_SIGN_STYLE = Automatic;
				CURRENT_PROJECT_VERSION = 1;
				DEVELOPMENT_TEAM = 85CH3DS5T4;
				GENERATE_INFOPLIST_FILE = YES;
				MARKETING_VERSION = 1.0;
				PRODUCT_BUNDLE_IDENTIFIER = "com.github.vergenzt.shortcuts-http-clientUITests";
				PRODUCT_NAME = "$(TARGET_NAME)";
				SWIFT_EMIT_LOC_STRINGS = NO;
				SWIFT_VERSION = 5.0;
				TARGETED_DEVICE_FAMILY = "1,2";
				TEST_TARGET_NAME = "shortcuts-http-client";
			};
			name = Release;
		};
/* End XCBuildConfiguration section */

/* Begin XCConfigurationList section */
		415912132B0808F3008D19F7 /* Build configuration list for PBXProject "shortcuts-http-client" */ = {
			isa = XCConfigurationList;
			buildConfigurations = (
				4159123A2B0808F5008D19F7 /* Debug */,
				4159123B2B0808F5008D19F7 /* Release */,
			);
			defaultConfigurationIsVisible = 0;
			defaultConfigurationName = Release;
		};
		4159123C2B0808F5008D19F7 /* Build configuration list for PBXNativeTarget "shortcuts-http-client" */ = {
			isa = XCConfigurationList;
			buildConfigurations = (
				4159123D2B0808F5008D19F7 /* Debug */,
				4159123E2B0808F5008D19F7 /* Release */,
			);
			defaultConfigurationIsVisible = 0;
			defaultConfigurationName = Release;
		};
		4159123F2B0808F5008D19F7 /* Build configuration list for PBXNativeTarget "shortcuts-http-clientTests" */ = {
			isa = XCConfigurationList;
			buildConfigurations = (
				415912402B0808F5008D19F7 /* Debug */,
				415912412B0808F5008D19F7 /* Release */,
			);
			defaultConfigurationIsVisible = 0;
			defaultConfigurationName = Release;
		};
		415912422B0808F5008D19F7 /* Build configuration list for PBXNativeTarget "shortcuts-http-clientUITests" */ = {
			isa = XCConfigurationList;
			buildConfigurations = (
				415912432B0808F5008D19F7 /* Debug */,
				415912442B0808F5008D19F7 /* Release */,
			);
			defaultConfigurationIsVisible = 0;
			defaultConfigurationName = Release;
		};
/* End XCConfigurationList section */
	};
	rootObject = 415912102B0808F3008D19F7 /* Project object */;
}
