// !$*UTF8*$!
{
	archiveVersion = 1;
	classes = {
	};
	objectVersion = 56;
	objects = {

/* Begin PBXBuildFile section */
		4159121C2B0808F3008D19F7 /* ShortcutsHTTPClientApp.swift in Sources */ = {isa = PBXBuildFile; fileRef = 4159121B2B0808F3008D19F7 /* ShortcutsHTTPClientApp.swift */; };
		4159121E2B0808F3008D19F7 /* ContentView.swift in Sources */ = {isa = PBXBuildFile; fileRef = 4159121D2B0808F3008D19F7 /* ContentView.swift */; };
		415912202B0808F5008D19F7 /* Assets.xcassets in Resources */ = {isa = PBXBuildFile; fileRef = 4159121F2B0808F5008D19F7 /* Assets.xcassets */; };
		415912232B0808F5008D19F7 /* Preview Assets.xcassets in Resources */ = {isa = PBXBuildFile; fileRef = 415912222B0808F5008D19F7 /* Preview Assets.xcassets */; };
		416AF9B12B081F46001F7C1F /* Intents.framework in Frameworks */ = {isa = PBXBuildFile; fileRef = 416AF9B02B081F46001F7C1F /* Intents.framework */; };
		416AF9B82B081F46001F7C1F /* shortcuts-http-handler.appex in Embed Foundation Extensions */ = {isa = PBXBuildFile; fileRef = 416AF9AE2B081F46001F7C1F /* shortcuts-http-handler.appex */; settings = {ATTRIBUTES = (RemoveHeadersOnCopy, ); }; };
		416AF9BE2B082BB9001F7C1F /* Intents.intentdefinition in Sources */ = {isa = PBXBuildFile; fileRef = 416AF9822B080E7B001F7C1F /* Intents.intentdefinition */; };
		416AF9C02B082C17001F7C1F /* IntentHandler.swift in Sources */ = {isa = PBXBuildFile; fileRef = 416AF9B32B081F46001F7C1F /* IntentHandler.swift */; };
		416AF9C12B082DAA001F7C1F /* Intents.intentdefinition in Sources */ = {isa = PBXBuildFile; fileRef = 416AF9822B080E7B001F7C1F /* Intents.intentdefinition */; };
/* End PBXBuildFile section */

/* Begin PBXContainerItemProxy section */
		416AF9B62B081F46001F7C1F /* PBXContainerItemProxy */ = {
			isa = PBXContainerItemProxy;
			containerPortal = 415912102B0808F3008D19F7 /* Project object */;
			proxyType = 1;
			remoteGlobalIDString = 416AF9AD2B081F46001F7C1F;
			remoteInfo = "shortcuts-http-handler";
		};
/* End PBXContainerItemProxy section */

/* Begin PBXCopyFilesBuildPhase section */
		416AF9982B081DFF001F7C1F /* Embed ExtensionKit Extensions */ = {
			isa = PBXCopyFilesBuildPhase;
			buildActionMask = 2147483647;
			dstPath = "$(EXTENSIONS_FOLDER_PATH)";
			dstSubfolderSpec = 16;
			files = (
			);
			name = "Embed ExtensionKit Extensions";
			runOnlyForDeploymentPostprocessing = 0;
		};
		416AF9BC2B081F46001F7C1F /* Embed Foundation Extensions */ = {
			isa = PBXCopyFilesBuildPhase;
			buildActionMask = 2147483647;
			dstPath = "";
			dstSubfolderSpec = 13;
			files = (
				416AF9B82B081F46001F7C1F /* shortcuts-http-handler.appex in Embed Foundation Extensions */,
			);
			name = "Embed Foundation Extensions";
			runOnlyForDeploymentPostprocessing = 0;
		};
/* End PBXCopyFilesBuildPhase section */

/* Begin PBXFileReference section */
		415912182B0808F3008D19F7 /* shortcuts-http-client.app */ = {isa = PBXFileReference; explicitFileType = wrapper.application; includeInIndex = 0; path = "shortcuts-http-client.app"; sourceTree = BUILT_PRODUCTS_DIR; };
		4159121B2B0808F3008D19F7 /* ShortcutsHTTPClientApp.swift */ = {isa = PBXFileReference; lastKnownFileType = sourcecode.swift; path = ShortcutsHTTPClientApp.swift; sourceTree = "<group>"; };
		4159121D2B0808F3008D19F7 /* ContentView.swift */ = {isa = PBXFileReference; lastKnownFileType = sourcecode.swift; path = ContentView.swift; sourceTree = "<group>"; };
		4159121F2B0808F5008D19F7 /* Assets.xcassets */ = {isa = PBXFileReference; lastKnownFileType = folder.assetcatalog; path = Assets.xcassets; sourceTree = "<group>"; };
		415912222B0808F5008D19F7 /* Preview Assets.xcassets */ = {isa = PBXFileReference; lastKnownFileType = folder.assetcatalog; path = "Preview Assets.xcassets"; sourceTree = "<group>"; };
		416AF9822B080E7B001F7C1F /* Intents.intentdefinition */ = {isa = PBXFileReference; lastKnownFileType = file.intentdefinition; path = Intents.intentdefinition; sourceTree = "<group>"; };
		416AF9842B080EBF001F7C1F /* Info.plist */ = {isa = PBXFileReference; lastKnownFileType = text.plist; path = Info.plist; sourceTree = "<group>"; };
		416AF9AE2B081F46001F7C1F /* shortcuts-http-handler.appex */ = {isa = PBXFileReference; explicitFileType = "wrapper.app-extension"; includeInIndex = 0; path = "shortcuts-http-handler.appex"; sourceTree = BUILT_PRODUCTS_DIR; };
		416AF9B02B081F46001F7C1F /* Intents.framework */ = {isa = PBXFileReference; lastKnownFileType = wrapper.framework; name = Intents.framework; path = System/Library/Frameworks/Intents.framework; sourceTree = SDKROOT; };
		416AF9B32B081F46001F7C1F /* IntentHandler.swift */ = {isa = PBXFileReference; lastKnownFileType = sourcecode.swift; path = IntentHandler.swift; sourceTree = "<group>"; };
		416AF9B52B081F46001F7C1F /* Info.plist */ = {isa = PBXFileReference; lastKnownFileType = text.plist.xml; path = Info.plist; sourceTree = "<group>"; };
		416AF9BD2B082B09001F7C1F /* shortcuts-http-handler */ = {isa = PBXFileReference; lastKnownFileType = folder; path = "shortcuts-http-handler"; sourceTree = "<group>"; };
/* End PBXFileReference section */

/* Begin PBXFrameworksBuildPhase section */
		415912152B0808F3008D19F7 /* Frameworks */ = {
			isa = PBXFrameworksBuildPhase;
			buildActionMask = 2147483647;
			files = (
			);
			runOnlyForDeploymentPostprocessing = 0;
		};
		416AF9AB2B081F46001F7C1F /* Frameworks */ = {
			isa = PBXFrameworksBuildPhase;
			buildActionMask = 2147483647;
			files = (
				416AF9B12B081F46001F7C1F /* Intents.framework in Frameworks */,
			);
			runOnlyForDeploymentPostprocessing = 0;
		};
/* End PBXFrameworksBuildPhase section */

/* Begin PBXGroup section */
		4159120F2B0808F3008D19F7 = {
			isa = PBXGroup;
			children = (
				4159121A2B0808F3008D19F7 /* shortcuts-http-client */,
				416AF9B22B081F46001F7C1F /* shortcuts-http-handler */,
				416AF9AF2B081F46001F7C1F /* Frameworks */,
				415912192B0808F3008D19F7 /* Products */,
			);
			indentWidth = 2;
			sourceTree = "<group>";
			tabWidth = 2;
		};
		415912192B0808F3008D19F7 /* Products */ = {
			isa = PBXGroup;
			children = (
				415912182B0808F3008D19F7 /* shortcuts-http-client.app */,
				416AF9AE2B081F46001F7C1F /* shortcuts-http-handler.appex */,
			);
			name = Products;
			sourceTree = "<group>";
		};
		4159121A2B0808F3008D19F7 /* shortcuts-http-client */ = {
			isa = PBXGroup;
			children = (
				416AF9842B080EBF001F7C1F /* Info.plist */,
				4159121D2B0808F3008D19F7 /* ContentView.swift */,
				4159121B2B0808F3008D19F7 /* ShortcutsHTTPClientApp.swift */,
				4159121F2B0808F5008D19F7 /* Assets.xcassets */,
				415912212B0808F5008D19F7 /* Preview Content */,
			);
			path = "shortcuts-http-client";
			sourceTree = "<group>";
		};
		415912212B0808F5008D19F7 /* Preview Content */ = {
			isa = PBXGroup;
			children = (
				415912222B0808F5008D19F7 /* Preview Assets.xcassets */,
			);
			path = "Preview Content";
			sourceTree = "<group>";
		};
		416AF9AF2B081F46001F7C1F /* Frameworks */ = {
			isa = PBXGroup;
			children = (
				416AF9BD2B082B09001F7C1F /* shortcuts-http-handler */,
				416AF9B02B081F46001F7C1F /* Intents.framework */,
			);
			name = Frameworks;
			sourceTree = "<group>";
		};
		416AF9B22B081F46001F7C1F /* shortcuts-http-handler */ = {
			isa = PBXGroup;
			children = (
				416AF9822B080E7B001F7C1F /* Intents.intentdefinition */,
				416AF9B32B081F46001F7C1F /* IntentHandler.swift */,
				416AF9B52B081F46001F7C1F /* Info.plist */,
			);
			path = "shortcuts-http-handler";
			sourceTree = "<group>";
		};
/* End PBXGroup section */

/* Begin PBXNativeTarget section */
		415912172B0808F3008D19F7 /* shortcuts-http-client */ = {
			isa = PBXNativeTarget;
			buildConfigurationList = 4159123C2B0808F5008D19F7 /* Build configuration list for PBXNativeTarget "shortcuts-http-client" */;
			buildPhases = (
				415912142B0808F3008D19F7 /* Sources */,
				415912152B0808F3008D19F7 /* Frameworks */,
				415912162B0808F3008D19F7 /* Resources */,
				416AF9982B081DFF001F7C1F /* Embed ExtensionKit Extensions */,
				416AF9BC2B081F46001F7C1F /* Embed Foundation Extensions */,
			);
			buildRules = (
			);
			dependencies = (
				416AF9B72B081F46001F7C1F /* PBXTargetDependency */,
			);
			name = "shortcuts-http-client";
			productName = "shortcuts-http-client";
			productReference = 415912182B0808F3008D19F7 /* shortcuts-http-client.app */;
			productType = "com.apple.product-type.application";
		};
		416AF9AD2B081F46001F7C1F /* shortcuts-http-handler */ = {
			isa = PBXNativeTarget;
			buildConfigurationList = 416AF9B92B081F46001F7C1F /* Build configuration list for PBXNativeTarget "shortcuts-http-handler" */;
			buildPhases = (
				416AF9AA2B081F46001F7C1F /* Sources */,
				416AF9AB2B081F46001F7C1F /* Frameworks */,
				416AF9AC2B081F46001F7C1F /* Resources */,
			);
			buildRules = (
			);
			dependencies = (
			);
			name = "shortcuts-http-handler";
			productName = "shortcuts-http-handler";
			productReference = 416AF9AE2B081F46001F7C1F /* shortcuts-http-handler.appex */;
			productType = "com.apple.product-type.app-extension";
		};
/* End PBXNativeTarget section */

/* Begin PBXProject section */
		415912102B0808F3008D19F7 /* Project object */ = {
			isa = PBXProject;
			attributes = {
				BuildIndependentTargetsInParallel = 1;
				LastSwiftUpdateCheck = 1500;
				LastUpgradeCheck = 1500;
				TargetAttributes = {
					415912172B0808F3008D19F7 = {
						CreatedOnToolsVersion = 15.0.1;
					};
					416AF9AD2B081F46001F7C1F = {
						CreatedOnToolsVersion = 15.0.1;
					};
				};
			};
			buildConfigurationList = 415912132B0808F3008D19F7 /* Build configuration list for PBXProject "shortcuts-http-client" */;
			compatibilityVersion = "Xcode 14.0";
			developmentRegion = en;
			hasScannedForEncodings = 0;
			knownRegions = (
				en,
				Base,
			);
			mainGroup = 4159120F2B0808F3008D19F7;
			productRefGroup = 415912192B0808F3008D19F7 /* Products */;
			projectDirPath = "";
			projectRoot = "";
			targets = (
				415912172B0808F3008D19F7 /* shortcuts-http-client */,
				416AF9AD2B081F46001F7C1F /* shortcuts-http-handler */,
			);
		};
/* End PBXProject section */

/* Begin PBXResourcesBuildPhase section */
		415912162B0808F3008D19F7 /* Resources */ = {
			isa = PBXResourcesBuildPhase;
			buildActionMask = 2147483647;
			files = (
				415912232B0808F5008D19F7 /* Preview Assets.xcassets in Resources */,
				415912202B0808F5008D19F7 /* Assets.xcassets in Resources */,
			);
			runOnlyForDeploymentPostprocessing = 0;
		};
		416AF9AC2B081F46001F7C1F /* Resources */ = {
			isa = PBXResourcesBuildPhase;
			buildActionMask = 2147483647;
			files = (
			);
			runOnlyForDeploymentPostprocessing = 0;
		};
/* End PBXResourcesBuildPhase section */

/* Begin PBXSourcesBuildPhase section */
		415912142B0808F3008D19F7 /* Sources */ = {
			isa = PBXSourcesBuildPhase;
			buildActionMask = 2147483647;
			files = (
				416AF9C12B082DAA001F7C1F /* Intents.intentdefinition in Sources */,
				4159121E2B0808F3008D19F7 /* ContentView.swift in Sources */,
				4159121C2B0808F3008D19F7 /* ShortcutsHTTPClientApp.swift in Sources */,
			);
			runOnlyForDeploymentPostprocessing = 0;
		};
		416AF9AA2B081F46001F7C1F /* Sources */ = {
			isa = PBXSourcesBuildPhase;
			buildActionMask = 2147483647;
			files = (
				416AF9C02B082C17001F7C1F /* IntentHandler.swift in Sources */,
				416AF9BE2B082BB9001F7C1F /* Intents.intentdefinition in Sources */,
			);
			runOnlyForDeploymentPostprocessing = 0;
		};
/* End PBXSourcesBuildPhase section */

/* Begin PBXTargetDependency section */
		416AF9B72B081F46001F7C1F /* PBXTargetDependency */ = {
			isa = PBXTargetDependency;
			target = 416AF9AD2B081F46001F7C1F /* shortcuts-http-handler */;
			targetProxy = 416AF9B62B081F46001F7C1F /* PBXContainerItemProxy */;
		};
/* End PBXTargetDependency section */

/* Begin XCBuildConfiguration section */
		4159123A2B0808F5008D19F7 /* Debug */ = {
			isa = XCBuildConfiguration;
			buildSettings = {
				ALWAYS_SEARCH_USER_PATHS = NO;
				ASSETCATALOG_COMPILER_GENERATE_SWIFT_ASSET_SYMBOL_EXTENSIONS = YES;
				CLANG_ANALYZER_NONNULL = YES;
				CLANG_ANALYZER_NUMBER_OBJECT_CONVERSION = YES_AGGRESSIVE;
				CLANG_CXX_LANGUAGE_STANDARD = "gnu++20";
				CLANG_ENABLE_MODULES = YES;
				CLANG_ENABLE_OBJC_ARC = YES;
				CLANG_ENABLE_OBJC_WEAK = YES;
				CLANG_WARN_BLOCK_CAPTURE_AUTORELEASING = YES;
				CLANG_WARN_BOOL_CONVERSION = YES;
				CLANG_WARN_COMMA = YES;
				CLANG_WARN_CONSTANT_CONVERSION = YES;
				CLANG_WARN_DEPRECATED_OBJC_IMPLEMENTATIONS = YES;
				CLANG_WARN_DIRECT_OBJC_ISA_USAGE = YES_ERROR;
				CLANG_WARN_DOCUMENTATION_COMMENTS = YES;
				CLANG_WARN_EMPTY_BODY = YES;
				CLANG_WARN_ENUM_CONVERSION = YES;
				CLANG_WARN_INFINITE_RECURSION = YES;
				CLANG_WARN_INT_CONVERSION = YES;
				CLANG_WARN_NON_LITERAL_NULL_CONVERSION = YES;
				CLANG_WARN_OBJC_IMPLICIT_RETAIN_SELF = YES;
				CLANG_WARN_OBJC_LITERAL_CONVERSION = YES;
				CLANG_WARN_OBJC_ROOT_CLASS = YES_ERROR;
				CLANG_WARN_QUOTED_INCLUDE_IN_FRAMEWORK_HEADER = YES;
				CLANG_WARN_RANGE_LOOP_ANALYSIS = YES;
				CLANG_WARN_STRICT_PROTOTYPES = YES;
				CLANG_WARN_SUSPICIOUS_MOVE = YES;
				CLANG_WARN_UNGUARDED_AVAILABILITY = YES_AGGRESSIVE;
				CLANG_WARN_UNREACHABLE_CODE = YES;
				CLANG_WARN__DUPLICATE_METHOD_MATCH = YES;
				COPY_PHASE_STRIP = NO;
				DEBUG_INFORMATION_FORMAT = dwarf;
				ENABLE_STRICT_OBJC_MSGSEND = YES;
				ENABLE_TESTABILITY = YES;
				ENABLE_USER_SCRIPT_SANDBOXING = YES;
				GCC_C_LANGUAGE_STANDARD = gnu17;
				GCC_DYNAMIC_NO_PIC = NO;
				GCC_NO_COMMON_BLOCKS = YES;
				GCC_OPTIMIZATION_LEVEL = 0;
				GCC_PREPROCESSOR_DEFINITIONS = (
					"DEBUG=1",
					"$(inherited)",
				);
				GCC_WARN_64_TO_32_BIT_CONVERSION = YES;
				GCC_WARN_ABOUT_RETURN_TYPE = YES_ERROR;
				GCC_WARN_UNDECLARED_SELECTOR = YES;
				GCC_WARN_UNINITIALIZED_AUTOS = YES_AGGRESSIVE;
				GCC_WARN_UNUSED_FUNCTION = YES;
				GCC_WARN_UNUSED_VARIABLE = YES;
				IPHONEOS_DEPLOYMENT_TARGET = 17.0;
				LOCALIZATION_PREFERS_STRING_CATALOGS = YES;
				MTL_ENABLE_DEBUG_INFO = INCLUDE_SOURCE;
				MTL_FAST_MATH = YES;
				ONLY_ACTIVE_ARCH = YES;
				SDKROOT = iphoneos;
				SWIFT_ACTIVE_COMPILATION_CONDITIONS = "DEBUG $(inherited)";
				SWIFT_OPTIMIZATION_LEVEL = "-Onone";
			};
			name = Debug;
		};
		4159123B2B0808F5008D19F7 /* Release */ = {
			isa = XCBuildConfiguration;
			buildSettings = {
				ALWAYS_SEARCH_USER_PATHS = NO;
				ASSETCATALOG_COMPILER_GENERATE_SWIFT_ASSET_SYMBOL_EXTENSIONS = YES;
				CLANG_ANALYZER_NONNULL = YES;
				CLANG_ANALYZER_NUMBER_OBJECT_CONVERSION = YES_AGGRESSIVE;
				CLANG_CXX_LANGUAGE_STANDARD = "gnu++20";
				CLANG_ENABLE_MODULES = YES;
				CLANG_ENABLE_OBJC_ARC = YES;
				CLANG_ENABLE_OBJC_WEAK = YES;
				CLANG_WARN_BLOCK_CAPTURE_AUTORELEASING = YES;
				CLANG_WARN_BOOL_CONVERSION = YES;
				CLANG_WARN_COMMA = YES;
				CLANG_WARN_CONSTANT_CONVERSION = YES;
				CLANG_WARN_DEPRECATED_OBJC_IMPLEMENTATIONS = YES;
				CLANG_WARN_DIRECT_OBJC_ISA_USAGE = YES_ERROR;
				CLANG_WARN_DOCUMENTATION_COMMENTS = YES;
				CLANG_WARN_EMPTY_BODY = YES;
				CLANG_WARN_ENUM_CONVERSION = YES;
				CLANG_WARN_INFINITE_RECURSION = YES;
				CLANG_WARN_INT_CONVERSION = YES;
				CLANG_WARN_NON_LITERAL_NULL_CONVERSION = YES;
				CLANG_WARN_OBJC_IMPLICIT_RETAIN_SELF = YES;
				CLANG_WARN_OBJC_LITERAL_CONVERSION = YES;
				CLANG_WARN_OBJC_ROOT_CLASS = YES_ERROR;
				CLANG_WARN_QUOTED_INCLUDE_IN_FRAMEWORK_HEADER = YES;
				CLANG_WARN_RANGE_LOOP_ANALYSIS = YES;
				CLANG_WARN_STRICT_PROTOTYPES = YES;
				CLANG_WARN_SUSPICIOUS_MOVE = YES;
				CLANG_WARN_UNGUARDED_AVAILABILITY = YES_AGGRESSIVE;
				CLANG_WARN_UNREACHABLE_CODE = YES;
				CLANG_WARN__DUPLICATE_METHOD_MATCH = YES;
				COPY_PHASE_STRIP = NO;
				DEBUG_INFORMATION_FORMAT = "dwarf-with-dsym";
				ENABLE_NS_ASSERTIONS = NO;
				ENABLE_STRICT_OBJC_MSGSEND = YES;
				ENABLE_USER_SCRIPT_SANDBOXING = YES;
				GCC_C_LANGUAGE_STANDARD = gnu17;
				GCC_NO_COMMON_BLOCKS = YES;
				GCC_WARN_64_TO_32_BIT_CONVERSION = YES;
				GCC_WARN_ABOUT_RETURN_TYPE = YES_ERROR;
				GCC_WARN_UNDECLARED_SELECTOR = YES;
				GCC_WARN_UNINITIALIZED_AUTOS = YES_AGGRESSIVE;
				GCC_WARN_UNUSED_FUNCTION = YES;
				GCC_WARN_UNUSED_VARIABLE = YES;
				IPHONEOS_DEPLOYMENT_TARGET = 17.0;
				LOCALIZATION_PREFERS_STRING_CATALOGS = YES;
				MTL_ENABLE_DEBUG_INFO = NO;
				MTL_FAST_MATH = YES;
				SDKROOT = iphoneos;
				SWIFT_COMPILATION_MODE = wholemodule;
				VALIDATE_PRODUCT = YES;
			};
			name = Release;
		};
		4159123D2B0808F5008D19F7 /* Debug */ = {
			isa = XCBuildConfiguration;
			buildSettings = {
				ALWAYS_EMBED_SWIFT_STANDARD_LIBRARIES = YES;
				ASSETCATALOG_COMPILER_APPICON_NAME = AppIcon;
				ASSETCATALOG_COMPILER_GLOBAL_ACCENT_COLOR_NAME = AccentColor;
				CODE_SIGN_STYLE = Automatic;
				CURRENT_PROJECT_VERSION = 1;
				DEVELOPMENT_ASSET_PATHS = "\"shortcuts-http-client/Preview Content\"";
				DEVELOPMENT_TEAM = 85CH3DS5T4;
				ENABLE_PREVIEWS = YES;
				GENERATE_INFOPLIST_FILE = YES;
				INFOPLIST_FILE = "shortcuts-http-client/Info.plist";
				INFOPLIST_KEY_CFBundleDisplayName = "Shortcuts HTTP Client";
				INFOPLIST_KEY_LSApplicationCategoryType = "public.app-category.developer-tools";
				INFOPLIST_KEY_UIApplicationSceneManifest_Generation = YES;
				INFOPLIST_KEY_UIApplicationSupportsIndirectInputEvents = YES;
				INFOPLIST_KEY_UILaunchScreen_Generation = YES;
				INFOPLIST_KEY_UISupportedInterfaceOrientations_iPad = "UIInterfaceOrientationPortrait UIInterfaceOrientationPortraitUpsideDown UIInterfaceOrientationLandscapeLeft UIInterfaceOrientationLandscapeRight";
				INFOPLIST_KEY_UISupportedInterfaceOrientations_iPhone = "UIInterfaceOrientationPortrait UIInterfaceOrientationLandscapeLeft UIInterfaceOrientationLandscapeRight";
				LD_RUNPATH_SEARCH_PATHS = (
					"$(inherited)",
					"@executable_path/Frameworks",
				);
				MARKETING_VERSION = 1.0;
				PRODUCT_BUNDLE_IDENTIFIER = "com.github.vergenzt.shortcuts-http-client";
				PRODUCT_NAME = "$(TARGET_NAME)";
				SWIFT_EMIT_LOC_STRINGS = YES;
				SWIFT_VERSION = 5.0;
				TARGETED_DEVICE_FAMILY = "1,2";
			};
			name = Debug;
		};
		4159123E2B0808F5008D19F7 /* Release */ = {
			isa = XCBuildConfiguration;
			buildSettings = {
				ALWAYS_EMBED_SWIFT_STANDARD_LIBRARIES = YES;
				ASSETCATALOG_COMPILER_APPICON_NAME = AppIcon;
				ASSETCATALOG_COMPILER_GLOBAL_ACCENT_COLOR_NAME = AccentColor;
				CODE_SIGN_STYLE = Automatic;
				CURRENT_PROJECT_VERSION = 1;
				DEVELOPMENT_ASSET_PATHS = "\"shortcuts-http-client/Preview Content\"";
				DEVELOPMENT_TEAM = 85CH3DS5T4;
				ENABLE_PREVIEWS = YES;
				GENERATE_INFOPLIST_FILE = YES;
				INFOPLIST_FILE = "shortcuts-http-client/Info.plist";
				INFOPLIST_KEY_CFBundleDisplayName = "Shortcuts HTTP Client";
				INFOPLIST_KEY_LSApplicationCategoryType = "public.app-category.developer-tools";
				INFOPLIST_KEY_UIApplicationSceneManifest_Generation = YES;
				INFOPLIST_KEY_UIApplicationSupportsIndirectInputEvents = YES;
				INFOPLIST_KEY_UILaunchScreen_Generation = YES;
				INFOPLIST_KEY_UISupportedInterfaceOrientations_iPad = "UIInterfaceOrientationPortrait UIInterfaceOrientationPortraitUpsideDown UIInterfaceOrientationLandscapeLeft UIInterfaceOrientationLandscapeRight";
				INFOPLIST_KEY_UISupportedInterfaceOrientations_iPhone = "UIInterfaceOrientationPortrait UIInterfaceOrientationLandscapeLeft UIInterfaceOrientationLandscapeRight";
				LD_RUNPATH_SEARCH_PATHS = (
					"$(inherited)",
					"@executable_path/Frameworks",
				);
				MARKETING_VERSION = 1.0;
				PRODUCT_BUNDLE_IDENTIFIER = "com.github.vergenzt.shortcuts-http-client";
				PRODUCT_NAME = "$(TARGET_NAME)";
				SWIFT_EMIT_LOC_STRINGS = YES;
				SWIFT_VERSION = 5.0;
				TARGETED_DEVICE_FAMILY = "1,2";
			};
			name = Release;
		};
		416AF9BA2B081F46001F7C1F /* Debug */ = {
			isa = XCBuildConfiguration;
			buildSettings = {
				CODE_SIGN_STYLE = Automatic;
				CURRENT_PROJECT_VERSION = 1;
				DEVELOPMENT_TEAM = 85CH3DS5T4;
				GENERATE_INFOPLIST_FILE = YES;
				INFOPLIST_FILE = "shortcuts-http-handler/Info.plist";
				INFOPLIST_KEY_CFBundleDisplayName = "shortcuts-http-handler";
				INFOPLIST_KEY_NSHumanReadableCopyright = "";
				LD_RUNPATH_SEARCH_PATHS = (
					"$(inherited)",
					"@executable_path/Frameworks",
					"@executable_path/../../Frameworks",
				);
				MARKETING_VERSION = 1.0;
				PRODUCT_BUNDLE_IDENTIFIER = "com.github.vergenzt.shortcuts-http-client.shortcuts-http-handler";
				PRODUCT_NAME = "$(TARGET_NAME)";
				SKIP_INSTALL = YES;
				SWIFT_EMIT_LOC_STRINGS = YES;
				SWIFT_VERSION = 5.0;
				TARGETED_DEVICE_FAMILY = "1,2";
			};
			name = Debug;
		};
		416AF9BB2B081F46001F7C1F /* Release */ = {
			isa = XCBuildConfiguration;
			buildSettings = {
				CODE_SIGN_STYLE = Automatic;
				CURRENT_PROJECT_VERSION = 1;
				DEVELOPMENT_TEAM = 85CH3DS5T4;
				GENERATE_INFOPLIST_FILE = YES;
				INFOPLIST_FILE = "shortcuts-http-handler/Info.plist";
				INFOPLIST_KEY_CFBundleDisplayName = "shortcuts-http-handler";
				INFOPLIST_KEY_NSHumanReadableCopyright = "";
				LD_RUNPATH_SEARCH_PATHS = (
					"$(inherited)",
					"@executable_path/Frameworks",
					"@executable_path/../../Frameworks",
				);
				MARKETING_VERSION = 1.0;
				PRODUCT_BUNDLE_IDENTIFIER = "com.github.vergenzt.shortcuts-http-client.shortcuts-http-handler";
				PRODUCT_NAME = "$(TARGET_NAME)";
				SKIP_INSTALL = YES;
				SWIFT_EMIT_LOC_STRINGS = YES;
				SWIFT_VERSION = 5.0;
				TARGETED_DEVICE_FAMILY = "1,2";
			};
			name = Release;
		};
/* End XCBuildConfiguration section */

/* Begin XCConfigurationList section */
		415912132B0808F3008D19F7 /* Build configuration list for PBXProject "shortcuts-http-client" */ = {
			isa = XCConfigurationList;
			buildConfigurations = (
				4159123A2B0808F5008D19F7 /* Debug */,
				4159123B2B0808F5008D19F7 /* Release */,
			);
			defaultConfigurationIsVisible = 0;
			defaultConfigurationName = Release;
		};
		4159123C2B0808F5008D19F7 /* Build configuration list for PBXNativeTarget "shortcuts-http-client" */ = {
			isa = XCConfigurationList;
			buildConfigurations = (
				4159123D2B0808F5008D19F7 /* Debug */,
				4159123E2B0808F5008D19F7 /* Release */,
			);
			defaultConfigurationIsVisible = 0;
			defaultConfigurationName = Release;
		};
		416AF9B92B081F46001F7C1F /* Build configuration list for PBXNativeTarget "shortcuts-http-handler" */ = {
			isa = XCConfigurationList;
			buildConfigurations = (
				416AF9BA2B081F46001F7C1F /* Debug */,
				416AF9BB2B081F46001F7C1F /* Release */,
			);
			defaultConfigurationIsVisible = 0;
			defaultConfigurationName = Release;
		};
/* End XCConfigurationList section */
	};
	rootObject = 415912102B0808F3008D19F7 /* Project object */;
}
